
Microsoft Visual Studio Solution File, Format Version 12.00
# Visual Studio 15
VisualStudioVersion = 15.0.27703.2018
MinimumVisualStudioVersion = 10.0.40219.1
Project("{FAE04EC0-301F-11D3-BF4B-00C04F79EFBC}") = "Management_student", "Management_student\Management_student.csproj", "{931C6152-19FF-4BB9-9B46-408CC4D7829A}"
EndProject
Global
	GlobalSection(SolutionConfigurationPlatforms) = preSolution
		Debug|Any CPU = Debug|Any CPU
		Release|Any CPU = Release|Any CPU
	EndGlobalSection
	GlobalSection(ProjectConfigurationPlatforms) = postSolution
		{931C6152-19FF-4BB9-9B46-408CC4D7829A}.Debug|Any CPU.ActiveCfg = Debug|Any CPU
		{931C6152-19FF-4BB9-9B46-408CC4D7829A}.Debug|Any CPU.Build.0 = Debug|Any CPU
		{931C6152-19FF-4BB9-9B46-408CC4D7829A}.Release|Any CPU.ActiveCfg = Release|Any CPU
		{931C6152-19FF-4BB9-9B46-408CC4D7829A}.Release|Any CPU.Build.0 = Release|Any CPU
	EndGlobalSection
	GlobalSection(SolutionProperties) = preSolution
		HideSolutionNode = FALSE
	EndGlobalSection
	GlobalSection(ExtensibilityGlobals) = postSolution
		SolutionGuid = {5B2356E6-317C-4135-B94F-8DED601B04C4}
	EndGlobalSection
EndGlobal
